// !$*UTF8*$!
{
	archiveVersion = 1;
	classes = {
	};
	objectVersion = 46;
	objects = {

/* Begin PBXBuildFile section */
		0FC250811DE2920E008745BD /* main.m in Sources */ = {isa = PBXBuildFile; fileRef = 0FC250801DE2920E008745BD /* main.m */; };
		0FC250841DE2920E008745BD /* AppDelegate.m in Sources */ = {isa = PBXBuildFile; fileRef = 0FC250831DE2920E008745BD /* AppDelegate.m */; };
		0FC250871DE2920E008745BD /* ViewController.m in Sources */ = {isa = PBXBuildFile; fileRef = 0FC250861DE2920E008745BD /* ViewController.m */; };
		0FC2508A1DE2920E008745BD /* Main.storyboard in Resources */ = {isa = PBXBuildFile; fileRef = 0FC250881DE2920E008745BD /* Main.storyboard */; };
		0FC2508C1DE2920E008745BD /* Assets.xcassets in Resources */ = {isa = PBXBuildFile; fileRef = 0FC2508B1DE2920E008745BD /* Assets.xcassets */; };
		0FC2508F1DE2920E008745BD /* LaunchScreen.storyboard in Resources */ = {isa = PBXBuildFile; fileRef = 0FC2508D1DE2920E008745BD /* LaunchScreen.storyboard */; };
		0FC2509A1DE2920E008745BD /* STFollowLayoutUITests.m in Sources */ = {isa = PBXBuildFile; fileRef = 0FC250991DE2920E008745BD /* STFollowLayoutUITests.m */; };
		0FC250A61DE29366008745BD /* TestModel.m in Sources */ = {isa = PBXBuildFile; fileRef = 0FC250A51DE29366008745BD /* TestModel.m */; };
		0FC250A81DE2939C008745BD /* 1.plist in Resources */ = {isa = PBXBuildFile; fileRef = 0FC250A71DE2939C008745BD /* 1.plist */; };
		0FC250AC1DE29903008745BD /* TestCell.m in Sources */ = {isa = PBXBuildFile; fileRef = 0FC250AA1DE29903008745BD /* TestCell.m */; };
		0FC250AD1DE29903008745BD /* TestCell.xib in Resources */ = {isa = PBXBuildFile; fileRef = 0FC250AB1DE29903008745BD /* TestCell.xib */; };
		3A7D887FD1B23DD6AEFF32A4 /* libPods-STFollowLayout.a in Frameworks */ = {isa = PBXBuildFile; fileRef = 89288875BBB07BB6BDFBF4DC /* libPods-STFollowLayout.a */; };
/* End PBXBuildFile section */

/* Begin PBXContainerItemProxy section */
		0FC250961DE2920E008745BD /* PBXContainerItemProxy */ = {
			isa = PBXContainerItemProxy;
			containerPortal = 0FC250741DE2920E008745BD /* Project object */;
			proxyType = 1;
			remoteGlobalIDString = 0FC2507B1DE2920E008745BD;
			remoteInfo = STFollowLayout;
		};
/* End PBXContainerItemProxy section */

/* Begin PBXFileReference section */
		0FC2507C1DE2920E008745BD /* STFollowLayout.app */ = {isa = PBXFileReference; explicitFileType = wrapper.application; includeInIndex = 0; path = STFollowLayout.app; sourceTree = BUILT_PRODUCTS_DIR; };
		0FC250801DE2920E008745BD /* main.m */ = {isa = PBXFileReference; lastKnownFileType = sourcecode.c.objc; path = main.m; sourceTree = "<group>"; };
		0FC250821DE2920E008745BD /* AppDelegate.h */ = {isa = PBXFileReference; lastKnownFileType = sourcecode.c.h; path = AppDelegate.h; sourceTree = "<group>"; };
		0FC250831DE2920E008745BD /* AppDelegate.m */ = {isa = PBXFileReference; lastKnownFileType = sourcecode.c.objc; path = AppDelegate.m; sourceTree = "<group>"; };
		0FC250851DE2920E008745BD /* ViewController.h */ = {isa = PBXFileReference; lastKnownFileType = sourcecode.c.h; path = ViewController.h; sourceTree = "<group>"; };
		0FC250861DE2920E008745BD /* ViewController.m */ = {isa = PBXFileReference; lastKnownFileType = sourcecode.c.objc; path = ViewController.m; sourceTree = "<group>"; };
		0FC250891DE2920E008745BD /* Base */ = {isa = PBXFileReference; lastKnownFileType = file.storyboard; name = Base; path = Base.lproj/Main.storyboard; sourceTree = "<group>"; };
		0FC2508B1DE2920E008745BD /* Assets.xcassets */ = {isa = PBXFileReference; lastKnownFileType = folder.assetcatalog; path = Assets.xcassets; sourceTree = "<group>"; };
		0FC2508E1DE2920E008745BD /* Base */ = {isa = PBXFileReference; lastKnownFileType = file.storyboard; name = Base; path = Base.lproj/LaunchScreen.storyboard; sourceTree = "<group>"; };
		0FC250901DE2920E008745BD /* Info.plist */ = {isa = PBXFileReference; lastKnownFileType = text.plist.xml; path = Info.plist; sourceTree = "<group>"; };
		0FC250951DE2920E008745BD /* STFollowLayoutUITests.xctest */ = {isa = PBXFileReference; explicitFileType = wrapper.cfbundle; includeInIndex = 0; path = STFollowLayoutUITests.xctest; sourceTree = BUILT_PRODUCTS_DIR; };
		0FC250991DE2920E008745BD /* STFollowLayoutUITests.m */ = {isa = PBXFileReference; lastKnownFileType = sourcecode.c.objc; path = STFollowLayoutUITests.m; sourceTree = "<group>"; };
		0FC2509B1DE2920E008745BD /* Info.plist */ = {isa = PBXFileReference; lastKnownFileType = text.plist.xml; path = Info.plist; sourceTree = "<group>"; };
		0FC250A41DE29366008745BD /* TestModel.h */ = {isa = PBXFileReference; fileEncoding = 4; lastKnownFileType = sourcecode.c.h; path = TestModel.h; sourceTree = "<group>"; };
		0FC250A51DE29366008745BD /* TestModel.m */ = {isa = PBXFileReference; fileEncoding = 4; lastKnownFileType = sourcecode.c.objc; path = TestModel.m; sourceTree = "<group>"; };
		0FC250A71DE2939C008745BD /* 1.plist */ = {isa = PBXFileReference; fileEncoding = 4; lastKnownFileType = text.plist.xml; path = 1.plist; sourceTree = "<group>"; };
		0FC250A91DE29903008745BD /* TestCell.h */ = {isa = PBXFileReference; fileEncoding = 4; lastKnownFileType = sourcecode.c.h; path = TestCell.h; sourceTree = "<group>"; };
		0FC250AA1DE29903008745BD /* TestCell.m */ = {isa = PBXFileReference; fileEncoding = 4; lastKnownFileType = sourcecode.c.objc; path = TestCell.m; sourceTree = "<group>"; };
		0FC250AB1DE29903008745BD /* TestCell.xib */ = {isa = PBXFileReference; fileEncoding = 4; lastKnownFileType = file.xib; path = TestCell.xib; sourceTree = "<group>"; };
		5B4B0CB5F3B14E9115827D01 /* Pods-STFollowLayout.debug.xcconfig */ = {isa = PBXFileReference; includeInIndex = 1; lastKnownFileType = text.xcconfig; name = "Pods-STFollowLayout.debug.xcconfig"; path = "Pods/Target Support Files/Pods-STFollowLayout/Pods-STFollowLayout.debug.xcconfig"; sourceTree = "<group>"; };
		89288875BBB07BB6BDFBF4DC /* libPods-STFollowLayout.a */ = {isa = PBXFileReference; explicitFileType = archive.ar; includeInIndex = 0; path = "libPods-STFollowLayout.a"; sourceTree = BUILT_PRODUCTS_DIR; };
		C45DCF7823187F54FAAB9B34 /* Pods-STFollowLayout.release.xcconfig */ = {isa = PBXFileReference; includeInIndex = 1; lastKnownFileType = text.xcconfig; name = "Pods-STFollowLayout.release.xcconfig"; path = "Pods/Target Support Files/Pods-STFollowLayout/Pods-STFollowLayout.release.xcconfig"; sourceTree = "<group>"; };
/* End PBXFileReference section */

/* Begin PBXFrameworksBuildPhase section */
		0FC250791DE2920E008745BD /* Frameworks */ = {
			isa = PBXFrameworksBuildPhase;
			buildActionMask = 2147483647;
			files = (
				3A7D887FD1B23DD6AEFF32A4 /* libPods-STFollowLayout.a in Frameworks */,
			);
			runOnlyForDeploymentPostprocessing = 0;
		};
		0FC250921DE2920E008745BD /* Frameworks */ = {
			isa = PBXFrameworksBuildPhase;
			buildActionMask = 2147483647;
			files = (
			);
			runOnlyForDeploymentPostprocessing = 0;
		};
/* End PBXFrameworksBuildPhase section */

/* Begin PBXGroup section */
		0FC250731DE2920E008745BD = {
			isa = PBXGroup;
			children = (
				0FC2507E1DE2920E008745BD /* STFollowLayout */,
				0FC250981DE2920E008745BD /* STFollowLayoutUITests */,
				0FC2507D1DE2920E008745BD /* Products */,
				B007B52DEBECD5C5E2AF5483 /* Pods */,
				1C417F6E3BD91A2759CA0542 /* Frameworks */,
			);
			sourceTree = "<group>";
		};
		0FC2507D1DE2920E008745BD /* Products */ = {
			isa = PBXGroup;
			children = (
				0FC2507C1DE2920E008745BD /* STFollowLayout.app */,
				0FC250951DE2920E008745BD /* STFollowLayoutUITests.xctest */,
			);
			name = Products;
			sourceTree = "<group>";
		};
		0FC2507E1DE2920E008745BD /* STFollowLayout */ = {
			isa = PBXGroup;
			children = (
				0FC250A71DE2939C008745BD /* 1.plist */,
				0FC250821DE2920E008745BD /* AppDelegate.h */,
				0FC250831DE2920E008745BD /* AppDelegate.m */,
				0FC250851DE2920E008745BD /* ViewController.h */,
				0FC250861DE2920E008745BD /* ViewController.m */,
				0FC250A41DE29366008745BD /* TestModel.h */,
				0FC250A51DE29366008745BD /* TestModel.m */,
				0FC250A91DE29903008745BD /* TestCell.h */,
				0FC250AA1DE29903008745BD /* TestCell.m */,
				0FC250AB1DE29903008745BD /* TestCell.xib */,
				0FC250881DE2920E008745BD /* Main.storyboard */,
				0FC2508B1DE2920E008745BD /* Assets.xcassets */,
				0FC2508D1DE2920E008745BD /* LaunchScreen.storyboard */,
				0FC250901DE2920E008745BD /* Info.plist */,
				0FC2507F1DE2920E008745BD /* Supporting Files */,
			);
			path = STFollowLayout;
			sourceTree = "<group>";
		};
		0FC2507F1DE2920E008745BD /* Supporting Files */ = {
			isa = PBXGroup;
			children = (
				0FC250801DE2920E008745BD /* main.m */,
			);
			name = "Supporting Files";
			sourceTree = "<group>";
		};
		0FC250981DE2920E008745BD /* STFollowLayoutUITests */ = {
			isa = PBXGroup;
			children = (
				0FC250991DE2920E008745BD /* STFollowLayoutUITests.m */,
				0FC2509B1DE2920E008745BD /* Info.plist */,
			);
			path = STFollowLayoutUITests;
			sourceTree = "<group>";
		};
		1C417F6E3BD91A2759CA0542 /* Frameworks */ = {
			isa = PBXGroup;
			children = (
				89288875BBB07BB6BDFBF4DC /* libPods-STFollowLayout.a */,
			);
			name = Frameworks;
			sourceTree = "<group>";
		};
		B007B52DEBECD5C5E2AF5483 /* Pods */ = {
			isa = PBXGroup;
			children = (
				5B4B0CB5F3B14E9115827D01 /* Pods-STFollowLayout.debug.xcconfig */,
				C45DCF7823187F54FAAB9B34 /* Pods-STFollowLayout.release.xcconfig */,
			);
			name = Pods;
			sourceTree = "<group>";
		};
/* End PBXGroup section */

/* Begin PBXNativeTarget section */
		0FC2507B1DE2920E008745BD /* STFollowLayout */ = {
			isa = PBXNativeTarget;
			buildConfigurationList = 0FC2509E1DE2920E008745BD /* Build configuration list for PBXNativeTarget "STFollowLayout" */;
			buildPhases = (
				4B3E04BF44668CFC9B95B15B /* [CP] Check Pods Manifest.lock */,
				0FC250781DE2920E008745BD /* Sources */,
				0FC250791DE2920E008745BD /* Frameworks */,
				0FC2507A1DE2920E008745BD /* Resources */,
				46F3A15A93455E0167FCCC6C /* [CP] Embed Pods Frameworks */,
				821C89614A8882C93A0B3194 /* [CP] Copy Pods Resources */,
			);
			buildRules = (
			);
			dependencies = (
			);
			name = STFollowLayout;
			productName = STFollowLayout;
			productReference = 0FC2507C1DE2920E008745BD /* STFollowLayout.app */;
			productType = "com.apple.product-type.application";
		};
		0FC250941DE2920E008745BD /* STFollowLayoutUITests */ = {
			isa = PBXNativeTarget;
			buildConfigurationList = 0FC250A11DE2920E008745BD /* Build configuration list for PBXNativeTarget "STFollowLayoutUITests" */;
			buildPhases = (
				0FC250911DE2920E008745BD /* Sources */,
				0FC250921DE2920E008745BD /* Frameworks */,
				0FC250931DE2920E008745BD /* Resources */,
			);
			buildRules = (
			);
			dependencies = (
				0FC250971DE2920E008745BD /* PBXTargetDependency */,
			);
			name = STFollowLayoutUITests;
			productName = STFollowLayoutUITests;
			productReference = 0FC250951DE2920E008745BD /* STFollowLayoutUITests.xctest */;
			productType = "com.apple.product-type.bundle.ui-testing";
		};
/* End PBXNativeTarget section */

/* Begin PBXProject section */
		0FC250741DE2920E008745BD /* Project object */ = {
			isa = PBXProject;
			attributes = {
				LastUpgradeCheck = 0720;
				ORGANIZATIONNAME = xiudo;
				TargetAttributes = {
					0FC2507B1DE2920E008745BD = {
						CreatedOnToolsVersion = 7.2;
					};
					0FC250941DE2920E008745BD = {
						CreatedOnToolsVersion = 7.2;
						TestTargetID = 0FC2507B1DE2920E008745BD;
					};
				};
			};
			buildConfigurationList = 0FC250771DE2920E008745BD /* Build configuration list for PBXProject "STFollowLayout" */;
			compatibilityVersion = "Xcode 3.2";
			developmentRegion = English;
			hasScannedForEncodings = 0;
			knownRegions = (
				en,
				Base,
			);
			mainGroup = 0FC250731DE2920E008745BD;
			productRefGroup = 0FC2507D1DE2920E008745BD /* Products */;
			projectDirPath = "";
			projectRoot = "";
			targets = (
				0FC2507B1DE2920E008745BD /* STFollowLayout */,
				0FC250941DE2920E008745BD /* STFollowLayoutUITests */,
			);
		};
/* End PBXProject section */

/* Begin PBXResourcesBuildPhase section */
		0FC2507A1DE2920E008745BD /* Resources */ = {
			isa = PBXResourcesBuildPhase;
			buildActionMask = 2147483647;
			files = (
				0FC2508F1DE2920E008745BD /* LaunchScreen.storyboard in Resources */,
				0FC2508C1DE2920E008745BD /* Assets.xcassets in Resources */,
				0FC250A81DE2939C008745BD /* 1.plist in Resources */,
				0FC250AD1DE29903008745BD /* TestCell.xib in Resources */,
				0FC2508A1DE2920E008745BD /* Main.storyboard in Resources */,
			);
			runOnlyForDeploymentPostprocessing = 0;
		};
		0FC250931DE2920E008745BD /* Resources */ = {
			isa = PBXResourcesBuildPhase;
			buildActionMask = 2147483647;
			files = (
			);
			runOnlyForDeploymentPostprocessing = 0;
		};
/* End PBXResourcesBuildPhase section */

/* Begin PBXShellScriptBuildPhase section */
		46F3A15A93455E0167FCCC6C /* [CP] Embed Pods Frameworks */ = {
			isa = PBXShellScriptBuildPhase;
			buildActionMask = 2147483647;
			files = (
			);
			inputPaths = (
			);
			name = "[CP] Embed Pods Frameworks";
			outputPaths = (
			);
			runOnlyForDeploymentPostprocessing = 0;
			shellPath = /bin/sh;
			shellScript = "\"${SRCROOT}/Pods/Target Support Files/Pods-STFollowLayout/Pods-STFollowLayout-frameworks.sh\"\n";
			showEnvVarsInLog = 0;
		};
		4B3E04BF44668CFC9B95B15B /* [CP] Check Pods Manifest.lock */ = {
			isa = PBXShellScriptBuildPhase;
			buildActionMask = 2147483647;
			files = (
			);
			inputPaths = (
			);
			name = "[CP] Check Pods Manifest.lock";
			outputPaths = (
			);
			runOnlyForDeploymentPostprocessing = 0;
			shellPath = /bin/sh;
			shellScript = "diff \"${PODS_ROOT}/../Podfile.lock\" \"${PODS_ROOT}/Manifest.lock\" > /dev/null\nif [ $? != 0 ] ; then\n    # print error to STDERR\n    echo \"error: The sandbox is not in sync with the Podfile.lock. Run 'pod install' or update your CocoaPods installation.\" >&2\n    exit 1\nfi\n";
			showEnvVarsInLog = 0;
		};
		821C89614A8882C93A0B3194 /* [CP] Copy Pods Resources */ = {
			isa = PBXShellScriptBuildPhase;
			buildActionMask = 2147483647;
			files = (
			);
			inputPaths = (
			);
			name = "[CP] Copy Pods Resources";
			outputPaths = (
			);
			runOnlyForDeploymentPostprocessing = 0;
			shellPath = /bin/sh;
			shellScript = "\"${SRCROOT}/Pods/Target Support Files/Pods-STFollowLayout/Pods-STFollowLayout-resources.sh\"\n";
			showEnvVarsInLog = 0;
		};
/* End PBXShellScriptBuildPhase section */

/* Begin PBXSourcesBuildPhase section */
		0FC250781DE2920E008745BD /* Sources */ = {
			isa = PBXSourcesBuildPhase;
			buildActionMask = 2147483647;
			files = (
				0FC250871DE2920E008745BD /* ViewController.m in Sources */,
				0FC250841DE2920E008745BD /* AppDelegate.m in Sources */,
				0FC250AC1DE29903008745BD /* TestCell.m in Sources */,
				0FC250811DE2920E008745BD /* main.m in Sources */,
				0FC250A61DE29366008745BD /* TestModel.m in Sources */,
			);
			runOnlyForDeploymentPostprocessing = 0;
		};
		0FC250911DE2920E008745BD /* Sources */ = {
			isa = PBXSourcesBuildPhase;
			buildActionMask = 2147483647;
			files = (
				0FC2509A1DE2920E008745BD /* STFollowLayoutUITests.m in Sources */,
			);
			runOnlyForDeploymentPostprocessing = 0;
		};
/* End PBXSourcesBuildPhase section */

/* Begin PBXTargetDependency section */
		0FC250971DE2920E008745BD /* PBXTargetDependency */ = {
			isa = PBXTargetDependency;
			target = 0FC2507B1DE2920E008745BD /* STFollowLayout */;
			targetProxy = 0FC250961DE2920E008745BD /* PBXContainerItemProxy */;
		};
/* End PBXTargetDependency section */

/* Begin PBXVariantGroup section */
		0FC250881DE2920E008745BD /* Main.storyboard */ = {
			isa = PBXVariantGroup;
			children = (
				0FC250891DE2920E008745BD /* Base */,
			);
			name = Main.storyboard;
			sourceTree = "<group>";
		};
		0FC2508D1DE2920E008745BD /* LaunchScreen.storyboard */ = {
			isa = PBXVariantGroup;
			children = (
				0FC2508E1DE2920E008745BD /* Base */,
			);
			name = LaunchScreen.storyboard;
			sourceTree = "<group>";
		};
/* End PBXVariantGroup section */

/* Begin XCBuildConfiguration section */
		0FC2509C1DE2920E008745BD /* Debug */ = {
			isa = XCBuildConfiguration;
			buildSettings = {
				ALWAYS_SEARCH_USER_PATHS = NO;
				CLANG_CXX_LANGUAGE_STANDARD = "gnu++0x";
				CLANG_CXX_LIBRARY = "libc++";
				CLANG_ENABLE_MODULES = YES;
				CLANG_ENABLE_OBJC_ARC = YES;
				CLANG_WARN_BOOL_CONVERSION = YES;
				CLANG_WARN_CONSTANT_CONVERSION = YES;
				CLANG_WARN_DIRECT_OBJC_ISA_USAGE = YES_ERROR;
				CLANG_WARN_EMPTY_BODY = YES;
				CLANG_WARN_ENUM_CONVERSION = YES;
				CLANG_WARN_INT_CONVERSION = YES;
				CLANG_WARN_OBJC_ROOT_CLASS = YES_ERROR;
				CLANG_WARN_UNREACHABLE_CODE = YES;
				CLANG_WARN__DUPLICATE_METHOD_MATCH = YES;
				"CODE_SIGN_IDENTITY[sdk=iphoneos*]" = "iPhone Developer";
				COPY_PHASE_STRIP = NO;
				DEBUG_INFORMATION_FORMAT = dwarf;
				ENABLE_STRICT_OBJC_MSGSEND = YES;
				ENABLE_TESTABILITY = YES;
				GCC_C_LANGUAGE_STANDARD = gnu99;
				GCC_DYNAMIC_NO_PIC = NO;
				GCC_NO_COMMON_BLOCKS = YES;
				GCC_OPTIMIZATION_LEVEL = 0;
				GCC_PREPROCESSOR_DEFINITIONS = (
					"DEBUG=1",
					"$(inherited)",
				);
				GCC_WARN_64_TO_32_BIT_CONVERSION = YES;
				GCC_WARN_ABOUT_RETURN_TYPE = YES_ERROR;
				GCC_WARN_UNDECLARED_SELECTOR = YES;
				GCC_WARN_UNINITIALIZED_AUTOS = YES_AGGRESSIVE;
				GCC_WARN_UNUSED_FUNCTION = YES;
				GCC_WARN_UNUSED_VARIABLE = YES;
				IPHONEOS_DEPLOYMENT_TARGET = 9.2;
				MTL_ENABLE_DEBUG_INFO = YES;
				ONLY_ACTIVE_ARCH = YES;
				SDKROOT = iphoneos;
			};
			name = Debug;
		};
		0FC2509D1DE2920E008745BD /* Release */ = {
			isa = XCBuildConfiguration;
			buildSettings = {
				ALWAYS_SEARCH_USER_PATHS = NO;
				CLANG_CXX_LANGUAGE_STANDARD = "gnu++0x";
				CLANG_CXX_LIBRARY = "libc++";
				CLANG_ENABLE_MODULES = YES;
				CLANG_ENABLE_OBJC_ARC = YES;
				CLANG_WARN_BOOL_CONVERSION = YES;
				CLANG_WARN_CONSTANT_CONVERSION = YES;
				CLANG_WARN_DIRECT_OBJC_ISA_USAGE = YES_ERROR;
				CLANG_WARN_EMPTY_BODY = YES;
				CLANG_WARN_ENUM_CONVERSION = YES;
				CLANG_WARN_INT_CONVERSION = YES;
				CLANG_WARN_OBJC_ROOT_CLASS = YES_ERROR;
				CLANG_WARN_UNREACHABLE_CODE = YES;
				CLANG_WARN__DUPLICATE_METHOD_MATCH = YES;
				"CODE_SIGN_IDENTITY[sdk=iphoneos*]" = "iPhone Developer";
				COPY_PHASE_STRIP = NO;
				DEBUG_INFORMATION_FORMAT = "dwarf-with-dsym";
				ENABLE_NS_ASSERTIONS = NO;
				ENABLE_STRICT_OBJC_MSGSEND = YES;
				GCC_C_LANGUAGE_STANDARD = gnu99;
				GCC_NO_COMMON_BLOCKS = YES;
				GCC_WARN_64_TO_32_BIT_CONVERSION = YES;
				GCC_WARN_ABOUT_RETURN_TYPE = YES_ERROR;
				GCC_WARN_UNDECLARED_SELECTOR = YES;
				GCC_WARN_UNINITIALIZED_AUTOS = YES_AGGRESSIVE;
				GCC_WARN_UNUSED_FUNCTION = YES;
				GCC_WARN_UNUSED_VARIABLE = YES;
				IPHONEOS_DEPLOYMENT_TARGET = 9.2;
				MTL_ENABLE_DEBUG_INFO = NO;
				SDKROOT = iphoneos;
				VALIDATE_PRODUCT = YES;
			};
			name = Release;
		};
		0FC2509F1DE2920E008745BD /* Debug */ = {
			isa = XCBuildConfiguration;
			baseConfigurationReference = 5B4B0CB5F3B14E9115827D01 /* Pods-STFollowLayout.debug.xcconfig */;
			buildSettings = {
				ASSETCATALOG_COMPILER_APPICON_NAME = AppIcon;
				INFOPLIST_FILE = STFollowLayout/Info.plist;
				LD_RUNPATH_SEARCH_PATHS = "$(inherited) @executable_path/Frameworks";
				PRODUCT_BUNDLE_IDENTIFIER = com.xiudou.STFollowLayout;
				PRODUCT_NAME = "$(TARGET_NAME)";
			};
			name = Debug;
		};
		0FC250A01DE2920E008745BD /* Release */ = {
			isa = XCBuildConfiguration;
			baseConfigurationReference = C45DCF7823187F54FAAB9B34 /* Pods-STFollowLayout.release.xcconfig */;
			buildSettings = {
				ASSETCATALOG_COMPILER_APPICON_NAME = AppIcon;
				INFOPLIST_FILE = STFollowLayout/Info.plist;
				LD_RUNPATH_SEARCH_PATHS = "$(inherited) @executable_path/Frameworks";
				PRODUCT_BUNDLE_IDENTIFIER = com.xiudou.STFollowLayout;
				PRODUCT_NAME = "$(TARGET_NAME)";
			};
			name = Release;
		};
		0FC250A21DE2920E008745BD /* Debug */ = {
			isa = XCBuildConfiguration;
			buildSettings = {
				INFOPLIST_FILE = STFollowLayoutUITests/Info.plist;
				LD_RUNPATH_SEARCH_PATHS = "$(inherited) @executable_path/Frameworks @loader_path/Frameworks";
				PRODUCT_BUNDLE_IDENTIFIER = com.xiudou.STFollowLayoutUITests;
				PRODUCT_NAME = "$(TARGET_NAME)";
				TEST_TARGET_NAME = STFollowLayout;
				USES_XCTRUNNER = YES;
			};
			name = Debug;
		};
		0FC250A31DE2920E008745BD /* Release */ = {
			isa = XCBuildConfiguration;
			buildSettings = {
				INFOPLIST_FILE = STFollowLayoutUITests/Info.plist;
				LD_RUNPATH_SEARCH_PATHS = "$(inherited) @executable_path/Frameworks @loader_path/Frameworks";
				PRODUCT_BUNDLE_IDENTIFIER = com.xiudou.STFollowLayoutUITests;
				PRODUCT_NAME = "$(TARGET_NAME)";
				TEST_TARGET_NAME = STFollowLayout;
				USES_XCTRUNNER = YES;
			};
			name = Release;
		};
/* End XCBuildConfiguration section */

/* Begin XCConfigurationList section */
		0FC250771DE2920E008745BD /* Build configuration list for PBXProject "STFollowLayout" */ = {
			isa = XCConfigurationList;
			buildConfigurations = (
				0FC2509C1DE2920E008745BD /* Debug */,
				0FC2509D1DE2920E008745BD /* Release */,
			);
			defaultConfigurationIsVisible = 0;
			defaultConfigurationName = Release;
		};
		0FC2509E1DE2920E008745BD /* Build configuration list for PBXNativeTarget "STFollowLayout" */ = {
			isa = XCConfigurationList;
			buildConfigurations = (
				0FC2509F1DE2920E008745BD /* Debug */,
				0FC250A01DE2920E008745BD /* Release */,
			);
			defaultConfigurationIsVisible = 0;
			defaultConfigurationName = Release;
		};
		0FC250A11DE2920E008745BD /* Build configuration list for PBXNativeTarget "STFollowLayoutUITests" */ = {
			isa = XCConfigurationList;
			buildConfigurations = (
				0FC250A21DE2920E008745BD /* Debug */,
				0FC250A31DE2920E008745BD /* Release */,
			);
			defaultConfigurationIsVisible = 0;
			defaultConfigurationName = Release;
		};
/* End XCConfigurationList section */
	};
	rootObject = 0FC250741DE2920E008745BD /* Project object */;
}
